{
  "name": "demo",
  "version": "0.5.0",
  "lockfileVersion": 1,
  "requires": true,
  "dependencies": {
    "apigateway-client": {
      "version": "0.0.1",
      "resolved": "https://registry.npmjs.org/apigateway-client/-/apigateway-client-0.0.1.tgz",
      "integrity": "sha512-bhwBNHnrQ2G9yx11AMKYbCKeuYdPyGnuXW1S8NCjQOg2wW+9lw3M1im/g59RBDz7GXp+6EA3RstL4Lyr4jRIgA=="
    }
  }
}
